
Microsoft Visual Studio Solution File, Format Version 12.00
# Visual Studio Version 16
VisualStudioVersion = 16.0.31410.357
MinimumVisualStudioVersion = 10.0.40219.1
Project("{FAE04EC0-301F-11D3-BF4B-00C04F79EFBC}") = "EmployeeManagement", "EmployeeManagement\EmployeeManagement.csproj", "{CE5B01F1-9A4C-4F03-B908-0C2F82C8F130}"
EndProject
Global
	GlobalSection(SolutionConfigurationPlatforms) = preSolution
		Debug|Any CPU = Debug|Any CPU
		Release|Any CPU = Release|Any CPU
	EndGlobalSection
	GlobalSection(ProjectConfigurationPlatforms) = postSolution
		{CE5B01F1-9A4C-4F03-B908-0C2F82C8F130}.Debug|Any CPU.ActiveCfg = Debug|Any CPU
		{CE5B01F1-9A4C-4F03-B908-0C2F82C8F130}.Debug|Any CPU.Build.0 = Debug|Any CPU
		{CE5B01F1-9A4C-4F03-B908-0C2F82C8F130}.Release|Any CPU.ActiveCfg = Release|Any CPU
		{CE5B01F1-9A4C-4F03-B908-0C2F82C8F130}.Release|Any CPU.Build.0 = Release|Any CPU
	EndGlobalSection
	GlobalSection(SolutionProperties) = preSolution
		HideSolutionNode = FALSE
	EndGlobalSection
	GlobalSection(ExtensibilityGlobals) = postSolution
		SolutionGuid = {C632D952-CC85-4062-9B69-3CC9B76ED47C}
	EndGlobalSection
EndGlobal
